# THIS IS AN AUTOGENERATED FILE. DO NOT EDIT THIS FILE DIRECTLY.
# yarn lockfile v1


webpack-5@^0.0.0:
  version "0.0.0"
  resolved "https://registry.yarnpkg.com/webpack-5/-/webpack-5-0.0.0.tgz#6292fd40fb111c833a55cfd43ab697c2c2984e06"
  integrity sha512-jebVNW7VeOorJFUQas2aRtEY80zbS4DcdD82lejG9YkulD+LKHLOS11kuWycx9wuydUdzBhxpHNkduRvlFKbbQ==
